<?xml version="1.0" encoding="utf-8"?>
<Project ToolsVersion="16.0" xmlns="http://schemas.microsoft.com/developer/msbuild/2003">
  <ItemGroup>
    <CustomBuild Include="C:\CPP_libs\SFML_source\SFML-build\CMakeFiles\9247a35e6362c0b21761e66e5ae8e43e\INSTALL_force.rule">
      <Filter>CMake Rules</Filter>
    </CustomBuild>
  </ItemGroup>
  <ItemGroup>
    <Filter Include="CMake Rules">
      <UniqueIdentifier>{C454D8A3-57E7-3620-9C80-75EA9F9CE861}</UniqueIdentifier>
    </Filter>
  </ItemGroup>
</Project>
