
Microsoft Visual Studio Solution File, Format Version 12.00
# Visual Studio Version 16
Project("{2150E333-8FDC-42A3-9474-1A3956D46DE8}") = "CMake", "CMake", "{C8CD08F3-4FAE-3514-867D-3408442D5215}"
EndProject
Project("{2150E333-8FDC-42A3-9474-1A3956D46DE8}") = "SFML", "SFML", "{FC83DE59-5844-333A-A43A-D597302FA2A2}"
EndProject
Project("{8BC9CEB8-8B4A-11D0-8D11-00A0C91BC942}") = "ALL_BUILD", "ALL_BUILD.vcxproj", "{6B9B74A7-CE4C-3EC2-BD8B-0D47D69F536F}"
	ProjectSection(ProjectDependencies) = postProject
		{23F6E490-B036-326A-8382-F274689371C2} = {23F6E490-B036-326A-8382-F274689371C2}
		{0F8D1A7D-B6CD-3455-98FF-F651078EC0C3} = {0F8D1A7D-B6CD-3455-98FF-F651078EC0C3}
		{794E5C8E-7C0C-3B02-B828-9CFCC0C351D1} = {794E5C8E-7C0C-3B02-B828-9CFCC0C351D1}
		{AD46CFA0-B7BD-37BB-947A-6820A8401EB4} = {AD46CFA0-B7BD-37BB-947A-6820A8401EB4}
		{A7FE10D0-2AB0-3559-A5B7-643A2E042AD5} = {A7FE10D0-2AB0-3559-A5B7-643A2E042AD5}
		{CE811898-3BBF-3765-8A90-9E712832DC25} = {CE811898-3BBF-3765-8A90-9E712832DC25}
		{A8C67552-C01A-3091-9DF5-CCE332DDC2F9} = {A8C67552-C01A-3091-9DF5-CCE332DDC2F9}
	EndProjectSection
EndProject
Project("{8BC9CEB8-8B4A-11D0-8D11-00A0C91BC942}") = "INSTALL", "INSTALL.vcxproj", "{8E1CD2F6-C38A-33B7-8C5E-9D3705CA2487}"
	ProjectSection(ProjectDependencies) = postProject
		{6B9B74A7-CE4C-3EC2-BD8B-0D47D69F536F} = {6B9B74A7-CE4C-3EC2-BD8B-0D47D69F536F}
		{23F6E490-B036-326A-8382-F274689371C2} = {23F6E490-B036-326A-8382-F274689371C2}
	EndProjectSection
EndProject
Project("{8BC9CEB8-8B4A-11D0-8D11-00A0C91BC942}") = "ZERO_CHECK", "ZERO_CHECK.vcxproj", "{23F6E490-B036-326A-8382-F274689371C2}"
	ProjectSection(ProjectDependencies) = postProject
	EndProjectSection
EndProject
Project("{8BC9CEB8-8B4A-11D0-8D11-00A0C91BC942}") = "sfml-audio", "src\SFML\Audio\sfml-audio.vcxproj", "{0F8D1A7D-B6CD-3455-98FF-F651078EC0C3}"
	ProjectSection(ProjectDependencies) = postProject
		{23F6E490-B036-326A-8382-F274689371C2} = {23F6E490-B036-326A-8382-F274689371C2}
		{CE811898-3BBF-3765-8A90-9E712832DC25} = {CE811898-3BBF-3765-8A90-9E712832DC25}
	EndProjectSection
EndProject
Project("{8BC9CEB8-8B4A-11D0-8D11-00A0C91BC942}") = "sfml-graphics", "src\SFML\Graphics\sfml-graphics.vcxproj", "{794E5C8E-7C0C-3B02-B828-9CFCC0C351D1}"
	ProjectSection(ProjectDependencies) = postProject
		{23F6E490-B036-326A-8382-F274689371C2} = {23F6E490-B036-326A-8382-F274689371C2}
		{CE811898-3BBF-3765-8A90-9E712832DC25} = {CE811898-3BBF-3765-8A90-9E712832DC25}
		{A8C67552-C01A-3091-9DF5-CCE332DDC2F9} = {A8C67552-C01A-3091-9DF5-CCE332DDC2F9}
	EndProjectSection
EndProject
Project("{8BC9CEB8-8B4A-11D0-8D11-00A0C91BC942}") = "sfml-main", "src\SFML\Main\sfml-main.vcxproj", "{AD46CFA0-B7BD-37BB-947A-6820A8401EB4}"
	ProjectSection(ProjectDependencies) = postProject
		{23F6E490-B036-326A-8382-F274689371C2} = {23F6E490-B036-326A-8382-F274689371C2}
	EndProjectSection
EndProject
Project("{8BC9CEB8-8B4A-11D0-8D11-00A0C91BC942}") = "sfml-network", "src\SFML\Network\sfml-network.vcxproj", "{A7FE10D0-2AB0-3559-A5B7-643A2E042AD5}"
	ProjectSection(ProjectDependencies) = postProject
		{23F6E490-B036-326A-8382-F274689371C2} = {23F6E490-B036-326A-8382-F274689371C2}
		{CE811898-3BBF-3765-8A90-9E712832DC25} = {CE811898-3BBF-3765-8A90-9E712832DC25}
	EndProjectSection
EndProject
Project("{8BC9CEB8-8B4A-11D0-8D11-00A0C91BC942}") = "sfml-system", "src\SFML\System\sfml-system.vcxproj", "{CE811898-3BBF-3765-8A90-9E712832DC25}"
	ProjectSection(ProjectDependencies) = postProject
		{23F6E490-B036-326A-8382-F274689371C2} = {23F6E490-B036-326A-8382-F274689371C2}
	EndProjectSection
EndProject
Project("{8BC9CEB8-8B4A-11D0-8D11-00A0C91BC942}") = "sfml-window", "src\SFML\Window\sfml-window.vcxproj", "{A8C67552-C01A-3091-9DF5-CCE332DDC2F9}"
	ProjectSection(ProjectDependencies) = postProject
		{23F6E490-B036-326A-8382-F274689371C2} = {23F6E490-B036-326A-8382-F274689371C2}
		{CE811898-3BBF-3765-8A90-9E712832DC25} = {CE811898-3BBF-3765-8A90-9E712832DC25}
	EndProjectSection
EndProject
Global
	GlobalSection(SolutionConfigurationPlatforms) = preSolution
		Debug|Win32 = Debug|Win32
		Release|Win32 = Release|Win32
		MinSizeRel|Win32 = MinSizeRel|Win32
		RelWithDebInfo|Win32 = RelWithDebInfo|Win32
	EndGlobalSection
	GlobalSection(ProjectConfigurationPlatforms) = postSolution
		{6B9B74A7-CE4C-3EC2-BD8B-0D47D69F536F}.Debug|Win32.ActiveCfg = Debug|Win32
		{6B9B74A7-CE4C-3EC2-BD8B-0D47D69F536F}.Debug|Win32.Build.0 = Debug|Win32
		{6B9B74A7-CE4C-3EC2-BD8B-0D47D69F536F}.Release|Win32.ActiveCfg = Release|Win32
		{6B9B74A7-CE4C-3EC2-BD8B-0D47D69F536F}.Release|Win32.Build.0 = Release|Win32
		{6B9B74A7-CE4C-3EC2-BD8B-0D47D69F536F}.MinSizeRel|Win32.ActiveCfg = MinSizeRel|Win32
		{6B9B74A7-CE4C-3EC2-BD8B-0D47D69F536F}.MinSizeRel|Win32.Build.0 = MinSizeRel|Win32
		{6B9B74A7-CE4C-3EC2-BD8B-0D47D69F536F}.RelWithDebInfo|Win32.ActiveCfg = RelWithDebInfo|Win32
		{6B9B74A7-CE4C-3EC2-BD8B-0D47D69F536F}.RelWithDebInfo|Win32.Build.0 = RelWithDebInfo|Win32
		{8E1CD2F6-C38A-33B7-8C5E-9D3705CA2487}.Debug|Win32.ActiveCfg = Debug|Win32
		{8E1CD2F6-C38A-33B7-8C5E-9D3705CA2487}.Release|Win32.ActiveCfg = Release|Win32
		{8E1CD2F6-C38A-33B7-8C5E-9D3705CA2487}.MinSizeRel|Win32.ActiveCfg = MinSizeRel|Win32
		{8E1CD2F6-C38A-33B7-8C5E-9D3705CA2487}.RelWithDebInfo|Win32.ActiveCfg = RelWithDebInfo|Win32
		{23F6E490-B036-326A-8382-F274689371C2}.Debug|Win32.ActiveCfg = Debug|Win32
		{23F6E490-B036-326A-8382-F274689371C2}.Debug|Win32.Build.0 = Debug|Win32
		{23F6E490-B036-326A-8382-F274689371C2}.Release|Win32.ActiveCfg = Release|Win32
		{23F6E490-B036-326A-8382-F274689371C2}.Release|Win32.Build.0 = Release|Win32
		{23F6E490-B036-326A-8382-F274689371C2}.MinSizeRel|Win32.ActiveCfg = MinSizeRel|Win32
		{23F6E490-B036-326A-8382-F274689371C2}.MinSizeRel|Win32.Build.0 = MinSizeRel|Win32
		{23F6E490-B036-326A-8382-F274689371C2}.RelWithDebInfo|Win32.ActiveCfg = RelWithDebInfo|Win32
		{23F6E490-B036-326A-8382-F274689371C2}.RelWithDebInfo|Win32.Build.0 = RelWithDebInfo|Win32
		{0F8D1A7D-B6CD-3455-98FF-F651078EC0C3}.Debug|Win32.ActiveCfg = Debug|Win32
		{0F8D1A7D-B6CD-3455-98FF-F651078EC0C3}.Debug|Win32.Build.0 = Debug|Win32
		{0F8D1A7D-B6CD-3455-98FF-F651078EC0C3}.Release|Win32.ActiveCfg = Release|Win32
		{0F8D1A7D-B6CD-3455-98FF-F651078EC0C3}.Release|Win32.Build.0 = Release|Win32
		{0F8D1A7D-B6CD-3455-98FF-F651078EC0C3}.MinSizeRel|Win32.ActiveCfg = MinSizeRel|Win32
		{0F8D1A7D-B6CD-3455-98FF-F651078EC0C3}.MinSizeRel|Win32.Build.0 = MinSizeRel|Win32
		{0F8D1A7D-B6CD-3455-98FF-F651078EC0C3}.RelWithDebInfo|Win32.ActiveCfg = RelWithDebInfo|Win32
		{0F8D1A7D-B6CD-3455-98FF-F651078EC0C3}.RelWithDebInfo|Win32.Build.0 = RelWithDebInfo|Win32
		{794E5C8E-7C0C-3B02-B828-9CFCC0C351D1}.Debug|Win32.ActiveCfg = Debug|Win32
		{794E5C8E-7C0C-3B02-B828-9CFCC0C351D1}.Debug|Win32.Build.0 = Debug|Win32
		{794E5C8E-7C0C-3B02-B828-9CFCC0C351D1}.Release|Win32.ActiveCfg = Release|Win32
		{794E5C8E-7C0C-3B02-B828-9CFCC0C351D1}.Release|Win32.Build.0 = Release|Win32
		{794E5C8E-7C0C-3B02-B828-9CFCC0C351D1}.MinSizeRel|Win32.ActiveCfg = MinSizeRel|Win32
		{794E5C8E-7C0C-3B02-B828-9CFCC0C351D1}.MinSizeRel|Win32.Build.0 = MinSizeRel|Win32
		{794E5C8E-7C0C-3B02-B828-9CFCC0C351D1}.RelWithDebInfo|Win32.ActiveCfg = RelWithDebInfo|Win32
		{794E5C8E-7C0C-3B02-B828-9CFCC0C351D1}.RelWithDebInfo|Win32.Build.0 = RelWithDebInfo|Win32
		{AD46CFA0-B7BD-37BB-947A-6820A8401EB4}.Debug|Win32.ActiveCfg = Debug|Win32
		{AD46CFA0-B7BD-37BB-947A-6820A8401EB4}.Debug|Win32.Build.0 = Debug|Win32
		{AD46CFA0-B7BD-37BB-947A-6820A8401EB4}.Release|Win32.ActiveCfg = Release|Win32
		{AD46CFA0-B7BD-37BB-947A-6820A8401EB4}.Release|Win32.Build.0 = Release|Win32
		{AD46CFA0-B7BD-37BB-947A-6820A8401EB4}.MinSizeRel|Win32.ActiveCfg = MinSizeRel|Win32
		{AD46CFA0-B7BD-37BB-947A-6820A8401EB4}.MinSizeRel|Win32.Build.0 = MinSizeRel|Win32
		{AD46CFA0-B7BD-37BB-947A-6820A8401EB4}.RelWithDebInfo|Win32.ActiveCfg = RelWithDebInfo|Win32
		{AD46CFA0-B7BD-37BB-947A-6820A8401EB4}.RelWithDebInfo|Win32.Build.0 = RelWithDebInfo|Win32
		{A7FE10D0-2AB0-3559-A5B7-643A2E042AD5}.Debug|Win32.ActiveCfg = Debug|Win32
		{A7FE10D0-2AB0-3559-A5B7-643A2E042AD5}.Debug|Win32.Build.0 = Debug|Win32
		{A7FE10D0-2AB0-3559-A5B7-643A2E042AD5}.Release|Win32.ActiveCfg = Release|Win32
		{A7FE10D0-2AB0-3559-A5B7-643A2E042AD5}.Release|Win32.Build.0 = Release|Win32
		{A7FE10D0-2AB0-3559-A5B7-643A2E042AD5}.MinSizeRel|Win32.ActiveCfg = MinSizeRel|Win32
		{A7FE10D0-2AB0-3559-A5B7-643A2E042AD5}.MinSizeRel|Win32.Build.0 = MinSizeRel|Win32
		{A7FE10D0-2AB0-3559-A5B7-643A2E042AD5}.RelWithDebInfo|Win32.ActiveCfg = RelWithDebInfo|Win32
		{A7FE10D0-2AB0-3559-A5B7-643A2E042AD5}.RelWithDebInfo|Win32.Build.0 = RelWithDebInfo|Win32
		{CE811898-3BBF-3765-8A90-9E712832DC25}.Debug|Win32.ActiveCfg = Debug|Win32
		{CE811898-3BBF-3765-8A90-9E712832DC25}.Debug|Win32.Build.0 = Debug|Win32
		{CE811898-3BBF-3765-8A90-9E712832DC25}.Release|Win32.ActiveCfg = Release|Win32
		{CE811898-3BBF-3765-8A90-9E712832DC25}.Release|Win32.Build.0 = Release|Win32
		{CE811898-3BBF-3765-8A90-9E712832DC25}.MinSizeRel|Win32.ActiveCfg = MinSizeRel|Win32
		{CE811898-3BBF-3765-8A90-9E712832DC25}.MinSizeRel|Win32.Build.0 = MinSizeRel|Win32
		{CE811898-3BBF-3765-8A90-9E712832DC25}.RelWithDebInfo|Win32.ActiveCfg = RelWithDebInfo|Win32
		{CE811898-3BBF-3765-8A90-9E712832DC25}.RelWithDebInfo|Win32.Build.0 = RelWithDebInfo|Win32
		{A8C67552-C01A-3091-9DF5-CCE332DDC2F9}.Debug|Win32.ActiveCfg = Debug|Win32
		{A8C67552-C01A-3091-9DF5-CCE332DDC2F9}.Debug|Win32.Build.0 = Debug|Win32
		{A8C67552-C01A-3091-9DF5-CCE332DDC2F9}.Release|Win32.ActiveCfg = Release|Win32
		{A8C67552-C01A-3091-9DF5-CCE332DDC2F9}.Release|Win32.Build.0 = Release|Win32
		{A8C67552-C01A-3091-9DF5-CCE332DDC2F9}.MinSizeRel|Win32.ActiveCfg = MinSizeRel|Win32
		{A8C67552-C01A-3091-9DF5-CCE332DDC2F9}.MinSizeRel|Win32.Build.0 = MinSizeRel|Win32
		{A8C67552-C01A-3091-9DF5-CCE332DDC2F9}.RelWithDebInfo|Win32.ActiveCfg = RelWithDebInfo|Win32
		{A8C67552-C01A-3091-9DF5-CCE332DDC2F9}.RelWithDebInfo|Win32.Build.0 = RelWithDebInfo|Win32
	EndGlobalSection
	GlobalSection(NestedProjects) = preSolution
		{6B9B74A7-CE4C-3EC2-BD8B-0D47D69F536F} = {C8CD08F3-4FAE-3514-867D-3408442D5215}
		{8E1CD2F6-C38A-33B7-8C5E-9D3705CA2487} = {C8CD08F3-4FAE-3514-867D-3408442D5215}
		{23F6E490-B036-326A-8382-F274689371C2} = {C8CD08F3-4FAE-3514-867D-3408442D5215}
		{0F8D1A7D-B6CD-3455-98FF-F651078EC0C3} = {FC83DE59-5844-333A-A43A-D597302FA2A2}
		{794E5C8E-7C0C-3B02-B828-9CFCC0C351D1} = {FC83DE59-5844-333A-A43A-D597302FA2A2}
		{AD46CFA0-B7BD-37BB-947A-6820A8401EB4} = {FC83DE59-5844-333A-A43A-D597302FA2A2}
		{A7FE10D0-2AB0-3559-A5B7-643A2E042AD5} = {FC83DE59-5844-333A-A43A-D597302FA2A2}
		{CE811898-3BBF-3765-8A90-9E712832DC25} = {FC83DE59-5844-333A-A43A-D597302FA2A2}
		{A8C67552-C01A-3091-9DF5-CCE332DDC2F9} = {FC83DE59-5844-333A-A43A-D597302FA2A2}
	EndGlobalSection
	GlobalSection(ExtensibilityGlobals) = postSolution
		SolutionGuid = {82C2CAD3-61E0-32E8-83A8-DCA37357110B}
	EndGlobalSection
	GlobalSection(ExtensibilityAddIns) = postSolution
	EndGlobalSection
EndGlobal
